
Microsoft Visual Studio Solution File, Format Version 12.00
# Visual Studio Version 16
VisualStudioVersion = 16.0.30406.217
MinimumVisualStudioVersion = 10.0.40219.1
Project("{FAE04EC0-301F-11D3-BF4B-00C04F79EFBC}") = "ConsoleBook", "ConsoleBook\ConsoleBook.csproj", "{5E5518B2-F8C2-4A4E-9558-DE45C6D6C263}"
EndProject
Project("{2150E333-8FDC-42A3-9474-1A3956D46DE8}") = "sql_scripts", "sql_scripts", "{B465406C-A04B-4732-9595-45743E9F6E23}"
	ProjectSection(SolutionItems) = preProject
		create_table_Author.sql = create_table_Author.sql
		create_table_Book.sql = create_table_Book.sql
	EndProjectSection
EndProject
Global
	GlobalSection(SolutionConfigurationPlatforms) = preSolution
		Debug|Any CPU = Debug|Any CPU
		Release|Any CPU = Release|Any CPU
	EndGlobalSection
	GlobalSection(ProjectConfigurationPlatforms) = postSolution
		{5E5518B2-F8C2-4A4E-9558-DE45C6D6C263}.Debug|Any CPU.ActiveCfg = Debug|Any CPU
		{5E5518B2-F8C2-4A4E-9558-DE45C6D6C263}.Debug|Any CPU.Build.0 = Debug|Any CPU
		{5E5518B2-F8C2-4A4E-9558-DE45C6D6C263}.Release|Any CPU.ActiveCfg = Release|Any CPU
		{5E5518B2-F8C2-4A4E-9558-DE45C6D6C263}.Release|Any CPU.Build.0 = Release|Any CPU
	EndGlobalSection
	GlobalSection(SolutionProperties) = preSolution
		HideSolutionNode = FALSE
	EndGlobalSection
	GlobalSection(ExtensibilityGlobals) = postSolution
		SolutionGuid = {EDCD975F-095F-4527-9B5E-9B93BD56C4B3}
	EndGlobalSection
EndGlobal
