
Microsoft Visual Studio Solution File, Format Version 12.00
# Visual Studio Version 17
VisualStudioVersion = 17.1.32210.238
MinimumVisualStudioVersion = 10.0.40219.1
Project("{FAE04EC0-301F-11D3-BF4B-00C04F79EFBC}") = "ConsoleLibrary", "ConsoleBook\ConsoleLibrary.csproj", "{5E5518B2-F8C2-4A4E-9558-DE45C6D6C263}"
EndProject
Project("{FAE04EC0-301F-11D3-BF4B-00C04F79EFBC}") = "UnitTestLibrary", "UnitTestLibrary\UnitTestLibrary.csproj", "{585FA6EC-40FE-4A8E-B86D-F6A92C6D7832}"
EndProject
Project("{FAE04EC0-301F-11D3-BF4B-00C04F79EFBC}") = "ClassLibraryCommon", "ClassLibraryCommon\ClassLibraryCommon.csproj", "{8D5692AF-7DC2-4F8D-9408-AA94324F2B21}"
EndProject
Project("{FAE04EC0-301F-11D3-BF4B-00C04F79EFBC}") = "ClassLibraryDatabase", "ClassLibraryDatabase\ClassLibraryDatabase.csproj", "{DF200C6C-CE37-4585-A376-77C460513806}"
EndProject
Project("{FAE04EC0-301F-11D3-BF4B-00C04F79EFBC}") = "CLCommonCore", "CLCommonCore\CLCommonCore.csproj", "{FFD9B50E-0793-4A26-95D8-3A7283B0A677}"
EndProject
Project("{FAE04EC0-301F-11D3-BF4B-00C04F79EFBC}") = "LibraryUICore", "LibraryUICore\LibraryUICore.csproj", "{91E83D93-F892-4CF2-9928-6ED49A24831C}"
EndProject
Project("{FAE04EC0-301F-11D3-BF4B-00C04F79EFBC}") = "CLDatabaseCore", "CLDatabaseCore\CLDatabaseCore.csproj", "{F90F2B4E-A357-4E69-969E-AFA0C4AB6FAD}"
EndProject
Global
	GlobalSection(SolutionConfigurationPlatforms) = preSolution
		Debug|Any CPU = Debug|Any CPU
		Release|Any CPU = Release|Any CPU
	EndGlobalSection
	GlobalSection(ProjectConfigurationPlatforms) = postSolution
		{5E5518B2-F8C2-4A4E-9558-DE45C6D6C263}.Debug|Any CPU.ActiveCfg = Debug|Any CPU
		{5E5518B2-F8C2-4A4E-9558-DE45C6D6C263}.Debug|Any CPU.Build.0 = Debug|Any CPU
		{5E5518B2-F8C2-4A4E-9558-DE45C6D6C263}.Release|Any CPU.ActiveCfg = Release|Any CPU
		{5E5518B2-F8C2-4A4E-9558-DE45C6D6C263}.Release|Any CPU.Build.0 = Release|Any CPU
		{585FA6EC-40FE-4A8E-B86D-F6A92C6D7832}.Debug|Any CPU.ActiveCfg = Debug|Any CPU
		{585FA6EC-40FE-4A8E-B86D-F6A92C6D7832}.Debug|Any CPU.Build.0 = Debug|Any CPU
		{585FA6EC-40FE-4A8E-B86D-F6A92C6D7832}.Release|Any CPU.ActiveCfg = Release|Any CPU
		{585FA6EC-40FE-4A8E-B86D-F6A92C6D7832}.Release|Any CPU.Build.0 = Release|Any CPU
		{8D5692AF-7DC2-4F8D-9408-AA94324F2B21}.Debug|Any CPU.ActiveCfg = Debug|Any CPU
		{8D5692AF-7DC2-4F8D-9408-AA94324F2B21}.Debug|Any CPU.Build.0 = Debug|Any CPU
		{8D5692AF-7DC2-4F8D-9408-AA94324F2B21}.Release|Any CPU.ActiveCfg = Release|Any CPU
		{8D5692AF-7DC2-4F8D-9408-AA94324F2B21}.Release|Any CPU.Build.0 = Release|Any CPU
		{DF200C6C-CE37-4585-A376-77C460513806}.Debug|Any CPU.ActiveCfg = Debug|Any CPU
		{DF200C6C-CE37-4585-A376-77C460513806}.Debug|Any CPU.Build.0 = Debug|Any CPU
		{DF200C6C-CE37-4585-A376-77C460513806}.Release|Any CPU.ActiveCfg = Release|Any CPU
		{DF200C6C-CE37-4585-A376-77C460513806}.Release|Any CPU.Build.0 = Release|Any CPU
		{FFD9B50E-0793-4A26-95D8-3A7283B0A677}.Debug|Any CPU.ActiveCfg = Debug|Any CPU
		{FFD9B50E-0793-4A26-95D8-3A7283B0A677}.Debug|Any CPU.Build.0 = Debug|Any CPU
		{FFD9B50E-0793-4A26-95D8-3A7283B0A677}.Release|Any CPU.ActiveCfg = Release|Any CPU
		{FFD9B50E-0793-4A26-95D8-3A7283B0A677}.Release|Any CPU.Build.0 = Release|Any CPU
		{91E83D93-F892-4CF2-9928-6ED49A24831C}.Debug|Any CPU.ActiveCfg = Debug|Any CPU
		{91E83D93-F892-4CF2-9928-6ED49A24831C}.Debug|Any CPU.Build.0 = Debug|Any CPU
		{91E83D93-F892-4CF2-9928-6ED49A24831C}.Release|Any CPU.ActiveCfg = Release|Any CPU
		{91E83D93-F892-4CF2-9928-6ED49A24831C}.Release|Any CPU.Build.0 = Release|Any CPU
		{F90F2B4E-A357-4E69-969E-AFA0C4AB6FAD}.Debug|Any CPU.ActiveCfg = Debug|Any CPU
		{F90F2B4E-A357-4E69-969E-AFA0C4AB6FAD}.Debug|Any CPU.Build.0 = Debug|Any CPU
		{F90F2B4E-A357-4E69-969E-AFA0C4AB6FAD}.Release|Any CPU.ActiveCfg = Release|Any CPU
		{F90F2B4E-A357-4E69-969E-AFA0C4AB6FAD}.Release|Any CPU.Build.0 = Release|Any CPU
	EndGlobalSection
	GlobalSection(SolutionProperties) = preSolution
		HideSolutionNode = FALSE
	EndGlobalSection
	GlobalSection(ExtensibilityGlobals) = postSolution
		SolutionGuid = {EDCD975F-095F-4527-9B5E-9B93BD56C4B3}
	EndGlobalSection
EndGlobal
